// !$*UTF8*$!
{
	archiveVersion = 1;
	classes = {
	};
	objectVersion = 46;
	objects = {

/* Begin PBXBuildFile section */
		B55ABCB741B8B317455247F3 /* libPods-HXXmppTest.a in Frameworks */ = {isa = PBXBuildFile; fileRef = 6324F6F81853E2680A914E58 /* libPods-HXXmppTest.a */; };
		F310562D1D8916430002F218 /* WeChatViewController.m in Sources */ = {isa = PBXBuildFile; fileRef = F310562B1D8916430002F218 /* WeChatViewController.m */; };
		F31056321D8917770002F218 /* WeChatViewController.xib in Resources */ = {isa = PBXBuildFile; fileRef = F31056311D8917770002F218 /* WeChatViewController.xib */; };
		F31056351D891E5F0002F218 /* BaseViewController.m in Sources */ = {isa = PBXBuildFile; fileRef = F31056341D891E5F0002F218 /* BaseViewController.m */; };
		F31056401D894DD00002F218 /* NSDate+MJ.m in Sources */ = {isa = PBXBuildFile; fileRef = F31056361D894DD00002F218 /* NSDate+MJ.m */; };
		F31056411D894DD00002F218 /* UIBarButtonItem+HeadName.m in Sources */ = {isa = PBXBuildFile; fileRef = F31056371D894DD00002F218 /* UIBarButtonItem+HeadName.m */; };
		F31056421D894DD00002F218 /* UILabel+Size.m in Sources */ = {isa = PBXBuildFile; fileRef = F31056391D894DD00002F218 /* UILabel+Size.m */; };
		F31056431D894DD00002F218 /* UIImage+Size.m in Sources */ = {isa = PBXBuildFile; fileRef = F310563A1D894DD00002F218 /* UIImage+Size.m */; };
		F31056441D894DD00002F218 /* NSString+Str.m in Sources */ = {isa = PBXBuildFile; fileRef = F310563B1D894DD00002F218 /* NSString+Str.m */; };
		F3BECA681D77F47B00146B60 /* CustomButton.m in Sources */ = {isa = PBXBuildFile; fileRef = F3BECA671D77F47B00146B60 /* CustomButton.m */; };
		F3BECA6D1D77F50800146B60 /* LogAndRegistViewController.m in Sources */ = {isa = PBXBuildFile; fileRef = F3BECA6B1D77F50800146B60 /* LogAndRegistViewController.m */; };
		F3BECA6E1D77F50800146B60 /* LogAndRegistViewController.xib in Resources */ = {isa = PBXBuildFile; fileRef = F3BECA6C1D77F50800146B60 /* LogAndRegistViewController.xib */; };
		F3C1541A1D7679E100817B52 /* main.m in Sources */ = {isa = PBXBuildFile; fileRef = F3C154191D7679E100817B52 /* main.m */; };
		F3C1541D1D7679E100817B52 /* AppDelegate.m in Sources */ = {isa = PBXBuildFile; fileRef = F3C1541C1D7679E100817B52 /* AppDelegate.m */; };
		F3C154251D7679E100817B52 /* Assets.xcassets in Resources */ = {isa = PBXBuildFile; fileRef = F3C154241D7679E100817B52 /* Assets.xcassets */; };
		F3C154331D7679E100817B52 /* HXXmppTestTests.m in Sources */ = {isa = PBXBuildFile; fileRef = F3C154321D7679E100817B52 /* HXXmppTestTests.m */; };
		F3C1543E1D7679E100817B52 /* HXXmppTestUITests.m in Sources */ = {isa = PBXBuildFile; fileRef = F3C1543D1D7679E100817B52 /* HXXmppTestUITests.m */; };
		F3C213641D7E642400925874 /* MessageViewController.m in Sources */ = {isa = PBXBuildFile; fileRef = F3C213621D7E642400925874 /* MessageViewController.m */; };
		F3C213651D7E642400925874 /* MessageViewController.xib in Resources */ = {isa = PBXBuildFile; fileRef = F3C213631D7E642400925874 /* MessageViewController.xib */; };
		F3C213691D7E643900925874 /* AddressViewController.m in Sources */ = {isa = PBXBuildFile; fileRef = F3C213671D7E643900925874 /* AddressViewController.m */; };
		F3C2136E1D7E644B00925874 /* FindViewController.m in Sources */ = {isa = PBXBuildFile; fileRef = F3C2136C1D7E644B00925874 /* FindViewController.m */; };
		F3C2136F1D7E644B00925874 /* FindViewController.xib in Resources */ = {isa = PBXBuildFile; fileRef = F3C2136D1D7E644B00925874 /* FindViewController.xib */; };
		F3C213731D7E645900925874 /* MeViewController.m in Sources */ = {isa = PBXBuildFile; fileRef = F3C213711D7E645900925874 /* MeViewController.m */; };
		F3C213741D7E645900925874 /* MeViewController.xib in Resources */ = {isa = PBXBuildFile; fileRef = F3C213721D7E645900925874 /* MeViewController.xib */; };
		F3C213781D7E64C100925874 /* MainTabBarController.m in Sources */ = {isa = PBXBuildFile; fileRef = F3C213771D7E64C100925874 /* MainTabBarController.m */; };
		F3C2137B1D7E8D6600925874 /* UserInfo.m in Sources */ = {isa = PBXBuildFile; fileRef = F3C2137A1D7E8D6600925874 /* UserInfo.m */; };
		F3C2137E1D7EA3DD00925874 /* WBGragView.m in Sources */ = {isa = PBXBuildFile; fileRef = F3C2137D1D7EA3DD00925874 /* WBGragView.m */; };
		F3C8A3FF1D8670EA00952D9A /* FriendsModel.m in Sources */ = {isa = PBXBuildFile; fileRef = F3C8A3FE1D8670EA00952D9A /* FriendsModel.m */; };
		F3C8A4051D86723200952D9A /* MyFriendsTableViewCell.m in Sources */ = {isa = PBXBuildFile; fileRef = F3C8A4031D86723200952D9A /* MyFriendsTableViewCell.m */; };
		F3C8A4061D86723200952D9A /* MyFriendsTableViewCell.xib in Resources */ = {isa = PBXBuildFile; fileRef = F3C8A4041D86723200952D9A /* MyFriendsTableViewCell.xib */; };
		F3CC4E411D81335D001711A8 /* AddFriendViewController.m in Sources */ = {isa = PBXBuildFile; fileRef = F3CC4E3F1D81335D001711A8 /* AddFriendViewController.m */; };
		F3CC4E421D81335D001711A8 /* AddFriendViewController.xib in Resources */ = {isa = PBXBuildFile; fileRef = F3CC4E401D81335D001711A8 /* AddFriendViewController.xib */; };
		F3CC4E451D814C73001711A8 /* MainNavigationController.m in Sources */ = {isa = PBXBuildFile; fileRef = F3CC4E441D814C73001711A8 /* MainNavigationController.m */; };
		F3CC4E481D814F44001711A8 /* SearchViewController.m in Sources */ = {isa = PBXBuildFile; fileRef = F3CC4E471D814F44001711A8 /* SearchViewController.m */; };
		F3E1DAE91D76DCD900A382F4 /* UIView+frame.m in Sources */ = {isa = PBXBuildFile; fileRef = F3E1DAE81D76DCD900A382F4 /* UIView+frame.m */; };
		F3F3991E1D87D6FF00731ED6 /* ChatToolView.m in Sources */ = {isa = PBXBuildFile; fileRef = F3F3991D1D87D6FF00731ED6 /* ChatToolView.m */; };
/* End PBXBuildFile section */

/* Begin PBXContainerItemProxy section */
		F3C1542F1D7679E100817B52 /* PBXContainerItemProxy */ = {
			isa = PBXContainerItemProxy;
			containerPortal = F3C1540D1D7679E000817B52 /* Project object */;
			proxyType = 1;
			remoteGlobalIDString = F3C154141D7679E100817B52;
			remoteInfo = HXXmppTest;
		};
		F3C1543A1D7679E100817B52 /* PBXContainerItemProxy */ = {
			isa = PBXContainerItemProxy;
			containerPortal = F3C1540D1D7679E000817B52 /* Project object */;
			proxyType = 1;
			remoteGlobalIDString = F3C154141D7679E100817B52;
			remoteInfo = HXXmppTest;
		};
/* End PBXContainerItemProxy section */

/* Begin PBXFileReference section */
		0D81FE5C72F38EB4F0BF2004 /* Pods-HXXmppTest.release.xcconfig */ = {isa = PBXFileReference; includeInIndex = 1; lastKnownFileType = text.xcconfig; name = "Pods-HXXmppTest.release.xcconfig"; path = "Pods/Target Support Files/Pods-HXXmppTest/Pods-HXXmppTest.release.xcconfig"; sourceTree = "<group>"; };
		6324F6F81853E2680A914E58 /* libPods-HXXmppTest.a */ = {isa = PBXFileReference; explicitFileType = archive.ar; includeInIndex = 0; path = "libPods-HXXmppTest.a"; sourceTree = BUILT_PRODUCTS_DIR; };
		8DE5731B2EC0412E4CD0D95A /* Pods-HXXmppTest.debug.xcconfig */ = {isa = PBXFileReference; includeInIndex = 1; lastKnownFileType = text.xcconfig; name = "Pods-HXXmppTest.debug.xcconfig"; path = "Pods/Target Support Files/Pods-HXXmppTest/Pods-HXXmppTest.debug.xcconfig"; sourceTree = "<group>"; };
		F310562A1D8916430002F218 /* WeChatViewController.h */ = {isa = PBXFileReference; fileEncoding = 4; lastKnownFileType = sourcecode.c.h; path = WeChatViewController.h; sourceTree = "<group>"; };
		F310562B1D8916430002F218 /* WeChatViewController.m */ = {isa = PBXFileReference; fileEncoding = 4; lastKnownFileType = sourcecode.c.objc; path = WeChatViewController.m; sourceTree = "<group>"; };
		F31056311D8917770002F218 /* WeChatViewController.xib */ = {isa = PBXFileReference; fileEncoding = 4; lastKnownFileType = file.xib; path = WeChatViewController.xib; sourceTree = "<group>"; };
		F31056331D891E5F0002F218 /* BaseViewController.h */ = {isa = PBXFileReference; fileEncoding = 4; lastKnownFileType = sourcecode.c.h; path = BaseViewController.h; sourceTree = "<group>"; };
		F31056341D891E5F0002F218 /* BaseViewController.m */ = {isa = PBXFileReference; fileEncoding = 4; lastKnownFileType = sourcecode.c.objc; path = BaseViewController.m; sourceTree = "<group>"; };
		F31056361D894DD00002F218 /* NSDate+MJ.m */ = {isa = PBXFileReference; fileEncoding = 4; lastKnownFileType = sourcecode.c.objc; path = "NSDate+MJ.m"; sourceTree = "<group>"; };
		F31056371D894DD00002F218 /* UIBarButtonItem+HeadName.m */ = {isa = PBXFileReference; fileEncoding = 4; lastKnownFileType = sourcecode.c.objc; path = "UIBarButtonItem+HeadName.m"; sourceTree = "<group>"; };
		F31056381D894DD00002F218 /* UIBarButtonItem+HeadName.h */ = {isa = PBXFileReference; fileEncoding = 4; lastKnownFileType = sourcecode.c.h; path = "UIBarButtonItem+HeadName.h"; sourceTree = "<group>"; };
		F31056391D894DD00002F218 /* UILabel+Size.m */ = {isa = PBXFileReference; fileEncoding = 4; lastKnownFileType = sourcecode.c.objc; path = "UILabel+Size.m"; sourceTree = "<group>"; };
		F310563A1D894DD00002F218 /* UIImage+Size.m */ = {isa = PBXFileReference; fileEncoding = 4; lastKnownFileType = sourcecode.c.objc; path = "UIImage+Size.m"; sourceTree = "<group>"; };
		F310563B1D894DD00002F218 /* NSString+Str.m */ = {isa = PBXFileReference; fileEncoding = 4; lastKnownFileType = sourcecode.c.objc; path = "NSString+Str.m"; sourceTree = "<group>"; };
		F310563C1D894DD00002F218 /* NSDate+MJ.h */ = {isa = PBXFileReference; fileEncoding = 4; lastKnownFileType = sourcecode.c.h; path = "NSDate+MJ.h"; sourceTree = "<group>"; };
		F310563D1D894DD00002F218 /* UIImage+Size.h */ = {isa = PBXFileReference; fileEncoding = 4; lastKnownFileType = sourcecode.c.h; path = "UIImage+Size.h"; sourceTree = "<group>"; };
		F310563E1D894DD00002F218 /* UILabel+Size.h */ = {isa = PBXFileReference; fileEncoding = 4; lastKnownFileType = sourcecode.c.h; path = "UILabel+Size.h"; sourceTree = "<group>"; };
		F310563F1D894DD00002F218 /* NSString+Str.h */ = {isa = PBXFileReference; fileEncoding = 4; lastKnownFileType = sourcecode.c.h; path = "NSString+Str.h"; sourceTree = "<group>"; };
		F3BECA661D77F47B00146B60 /* CustomButton.h */ = {isa = PBXFileReference; fileEncoding = 4; lastKnownFileType = sourcecode.c.h; path = CustomButton.h; sourceTree = "<group>"; };
		F3BECA671D77F47B00146B60 /* CustomButton.m */ = {isa = PBXFileReference; fileEncoding = 4; lastKnownFileType = sourcecode.c.objc; path = CustomButton.m; sourceTree = "<group>"; };
		F3BECA6A1D77F50800146B60 /* LogAndRegistViewController.h */ = {isa = PBXFileReference; fileEncoding = 4; lastKnownFileType = sourcecode.c.h; path = LogAndRegistViewController.h; sourceTree = "<group>"; };
		F3BECA6B1D77F50800146B60 /* LogAndRegistViewController.m */ = {isa = PBXFileReference; fileEncoding = 4; lastKnownFileType = sourcecode.c.objc; path = LogAndRegistViewController.m; sourceTree = "<group>"; };
		F3BECA6C1D77F50800146B60 /* LogAndRegistViewController.xib */ = {isa = PBXFileReference; fileEncoding = 4; lastKnownFileType = file.xib; path = LogAndRegistViewController.xib; sourceTree = "<group>"; };
		F3C154151D7679E100817B52 /* HXXmppTest.app */ = {isa = PBXFileReference; explicitFileType = wrapper.application; includeInIndex = 0; path = HXXmppTest.app; sourceTree = BUILT_PRODUCTS_DIR; };
		F3C154191D7679E100817B52 /* main.m */ = {isa = PBXFileReference; lastKnownFileType = sourcecode.c.objc; path = main.m; sourceTree = "<group>"; };
		F3C1541B1D7679E100817B52 /* AppDelegate.h */ = {isa = PBXFileReference; lastKnownFileType = sourcecode.c.h; name = AppDelegate.h; path = ../AppDelegate.h; sourceTree = "<group>"; };
		F3C1541C1D7679E100817B52 /* AppDelegate.m */ = {isa = PBXFileReference; lastKnownFileType = sourcecode.c.objc; name = AppDelegate.m; path = ../AppDelegate.m; sourceTree = "<group>"; };
		F3C154241D7679E100817B52 /* Assets.xcassets */ = {isa = PBXFileReference; lastKnownFileType = folder.assetcatalog; path = Assets.xcassets; sourceTree = "<group>"; };
		F3C154291D7679E100817B52 /* Info.plist */ = {isa = PBXFileReference; lastKnownFileType = text.plist.xml; path = Info.plist; sourceTree = "<group>"; };
		F3C1542E1D7679E100817B52 /* HXXmppTestTests.xctest */ = {isa = PBXFileReference; explicitFileType = wrapper.cfbundle; includeInIndex = 0; path = HXXmppTestTests.xctest; sourceTree = BUILT_PRODUCTS_DIR; };
		F3C154321D7679E100817B52 /* HXXmppTestTests.m */ = {isa = PBXFileReference; lastKnownFileType = sourcecode.c.objc; path = HXXmppTestTests.m; sourceTree = "<group>"; };
		F3C154341D7679E100817B52 /* Info.plist */ = {isa = PBXFileReference; lastKnownFileType = text.plist.xml; path = Info.plist; sourceTree = "<group>"; };
		F3C154391D7679E100817B52 /* HXXmppTestUITests.xctest */ = {isa = PBXFileReference; explicitFileType = wrapper.cfbundle; includeInIndex = 0; path = HXXmppTestUITests.xctest; sourceTree = BUILT_PRODUCTS_DIR; };
		F3C1543D1D7679E100817B52 /* HXXmppTestUITests.m */ = {isa = PBXFileReference; lastKnownFileType = sourcecode.c.objc; path = HXXmppTestUITests.m; sourceTree = "<group>"; };
		F3C1543F1D7679E100817B52 /* Info.plist */ = {isa = PBXFileReference; lastKnownFileType = text.plist.xml; path = Info.plist; sourceTree = "<group>"; };
		F3C213611D7E642400925874 /* MessageViewController.h */ = {isa = PBXFileReference; fileEncoding = 4; lastKnownFileType = sourcecode.c.h; path = MessageViewController.h; sourceTree = "<group>"; };
		F3C213621D7E642400925874 /* MessageViewController.m */ = {isa = PBXFileReference; fileEncoding = 4; lastKnownFileType = sourcecode.c.objc; path = MessageViewController.m; sourceTree = "<group>"; };
		F3C213631D7E642400925874 /* MessageViewController.xib */ = {isa = PBXFileReference; fileEncoding = 4; lastKnownFileType = file.xib; path = MessageViewController.xib; sourceTree = "<group>"; };
		F3C213661D7E643900925874 /* AddressViewController.h */ = {isa = PBXFileReference; fileEncoding = 4; lastKnownFileType = sourcecode.c.h; path = AddressViewController.h; sourceTree = "<group>"; };
		F3C213671D7E643900925874 /* AddressViewController.m */ = {isa = PBXFileReference; fileEncoding = 4; lastKnownFileType = sourcecode.c.objc; path = AddressViewController.m; sourceTree = "<group>"; };
		F3C2136B1D7E644B00925874 /* FindViewController.h */ = {isa = PBXFileReference; fileEncoding = 4; lastKnownFileType = sourcecode.c.h; path = FindViewController.h; sourceTree = "<group>"; };
		F3C2136C1D7E644B00925874 /* FindViewController.m */ = {isa = PBXFileReference; fileEncoding = 4; lastKnownFileType = sourcecode.c.objc; path = FindViewController.m; sourceTree = "<group>"; };
		F3C2136D1D7E644B00925874 /* FindViewController.xib */ = {isa = PBXFileReference; fileEncoding = 4; lastKnownFileType = file.xib; path = FindViewController.xib; sourceTree = "<group>"; };
		F3C213701D7E645900925874 /* MeViewController.h */ = {isa = PBXFileReference; fileEncoding = 4; lastKnownFileType = sourcecode.c.h; path = MeViewController.h; sourceTree = "<group>"; };
		F3C213711D7E645900925874 /* MeViewController.m */ = {isa = PBXFileReference; fileEncoding = 4; lastKnownFileType = sourcecode.c.objc; path = MeViewController.m; sourceTree = "<group>"; };
		F3C213721D7E645900925874 /* MeViewController.xib */ = {isa = PBXFileReference; fileEncoding = 4; lastKnownFileType = file.xib; path = MeViewController.xib; sourceTree = "<group>"; };
		F3C213761D7E64C100925874 /* MainTabBarController.h */ = {isa = PBXFileReference; fileEncoding = 4; lastKnownFileType = sourcecode.c.h; path = MainTabBarController.h; sourceTree = "<group>"; };
		F3C213771D7E64C100925874 /* MainTabBarController.m */ = {isa = PBXFileReference; fileEncoding = 4; lastKnownFileType = sourcecode.c.objc; path = MainTabBarController.m; sourceTree = "<group>"; };
		F3C213791D7E8D6600925874 /* UserInfo.h */ = {isa = PBXFileReference; fileEncoding = 4; lastKnownFileType = sourcecode.c.h; path = UserInfo.h; sourceTree = "<group>"; };
		F3C2137A1D7E8D6600925874 /* UserInfo.m */ = {isa = PBXFileReference; fileEncoding = 4; lastKnownFileType = sourcecode.c.objc; path = UserInfo.m; sourceTree = "<group>"; };
		F3C2137C1D7EA3DD00925874 /* WBGragView.h */ = {isa = PBXFileReference; fileEncoding = 4; lastKnownFileType = sourcecode.c.h; path = WBGragView.h; sourceTree = "<group>"; };
		F3C2137D1D7EA3DD00925874 /* WBGragView.m */ = {isa = PBXFileReference; fileEncoding = 4; lastKnownFileType = sourcecode.c.objc; path = WBGragView.m; sourceTree = "<group>"; };
		F3C8A3FD1D8670EA00952D9A /* FriendsModel.h */ = {isa = PBXFileReference; fileEncoding = 4; lastKnownFileType = sourcecode.c.h; name = FriendsModel.h; path = ../FriendsModel.h; sourceTree = "<group>"; };
		F3C8A3FE1D8670EA00952D9A /* FriendsModel.m */ = {isa = PBXFileReference; fileEncoding = 4; lastKnownFileType = sourcecode.c.objc; name = FriendsModel.m; path = ../FriendsModel.m; sourceTree = "<group>"; };
		F3C8A4021D86723200952D9A /* MyFriendsTableViewCell.h */ = {isa = PBXFileReference; fileEncoding = 4; lastKnownFileType = sourcecode.c.h; path = MyFriendsTableViewCell.h; sourceTree = "<group>"; };
		F3C8A4031D86723200952D9A /* MyFriendsTableViewCell.m */ = {isa = PBXFileReference; fileEncoding = 4; lastKnownFileType = sourcecode.c.objc; path = MyFriendsTableViewCell.m; sourceTree = "<group>"; };
		F3C8A4041D86723200952D9A /* MyFriendsTableViewCell.xib */ = {isa = PBXFileReference; fileEncoding = 4; lastKnownFileType = file.xib; path = MyFriendsTableViewCell.xib; sourceTree = "<group>"; };
		F3CC4E3E1D81335D001711A8 /* AddFriendViewController.h */ = {isa = PBXFileReference; fileEncoding = 4; lastKnownFileType = sourcecode.c.h; path = AddFriendViewController.h; sourceTree = "<group>"; };
		F3CC4E3F1D81335D001711A8 /* AddFriendViewController.m */ = {isa = PBXFileReference; fileEncoding = 4; lastKnownFileType = sourcecode.c.objc; path = AddFriendViewController.m; sourceTree = "<group>"; };
		F3CC4E401D81335D001711A8 /* AddFriendViewController.xib */ = {isa = PBXFileReference; fileEncoding = 4; lastKnownFileType = file.xib; path = AddFriendViewController.xib; sourceTree = "<group>"; };
		F3CC4E431D814C73001711A8 /* MainNavigationController.h */ = {isa = PBXFileReference; fileEncoding = 4; lastKnownFileType = sourcecode.c.h; path = MainNavigationController.h; sourceTree = "<group>"; };
		F3CC4E441D814C73001711A8 /* MainNavigationController.m */ = {isa = PBXFileReference; fileEncoding = 4; lastKnownFileType = sourcecode.c.objc; path = MainNavigationController.m; sourceTree = "<group>"; };
		F3CC4E461D814F44001711A8 /* SearchViewController.h */ = {isa = PBXFileReference; fileEncoding = 4; lastKnownFileType = sourcecode.c.h; path = SearchViewController.h; sourceTree = "<group>"; };
		F3CC4E471D814F44001711A8 /* SearchViewController.m */ = {isa = PBXFileReference; fileEncoding = 4; lastKnownFileType = sourcecode.c.objc; path = SearchViewController.m; sourceTree = "<group>"; };
		F3E1DAE61D76DB3C00A382F4 /* PrefixHeader.pch */ = {isa = PBXFileReference; lastKnownFileType = sourcecode.c.h; path = PrefixHeader.pch; sourceTree = "<group>"; };
		F3E1DAE71D76DCD900A382F4 /* UIView+frame.h */ = {isa = PBXFileReference; fileEncoding = 4; lastKnownFileType = sourcecode.c.h; path = "UIView+frame.h"; sourceTree = "<group>"; };
		F3E1DAE81D76DCD900A382F4 /* UIView+frame.m */ = {isa = PBXFileReference; fileEncoding = 4; lastKnownFileType = sourcecode.c.objc; path = "UIView+frame.m"; sourceTree = "<group>"; };
		F3F3991C1D87D6FF00731ED6 /* ChatToolView.h */ = {isa = PBXFileReference; fileEncoding = 4; lastKnownFileType = sourcecode.c.h; path = ChatToolView.h; sourceTree = "<group>"; };
		F3F3991D1D87D6FF00731ED6 /* ChatToolView.m */ = {isa = PBXFileReference; fileEncoding = 4; lastKnownFileType = sourcecode.c.objc; path = ChatToolView.m; sourceTree = "<group>"; };
/* End PBXFileReference section */

/* Begin PBXFrameworksBuildPhase section */
		F3C154121D7679E100817B52 /* Frameworks */ = {
			isa = PBXFrameworksBuildPhase;
			buildActionMask = 2147483647;
			files = (
				B55ABCB741B8B317455247F3 /* libPods-HXXmppTest.a in Frameworks */,
			);
			runOnlyForDeploymentPostprocessing = 0;
		};
		F3C1542B1D7679E100817B52 /* Frameworks */ = {
			isa = PBXFrameworksBuildPhase;
			buildActionMask = 2147483647;
			files = (
			);
			runOnlyForDeploymentPostprocessing = 0;
		};
		F3C154361D7679E100817B52 /* Frameworks */ = {
			isa = PBXFrameworksBuildPhase;
			buildActionMask = 2147483647;
			files = (
			);
			runOnlyForDeploymentPostprocessing = 0;
		};
/* End PBXFrameworksBuildPhase section */

/* Begin PBXGroup section */
		BCFA526BE3B7681DB5AFDDFE /* Frameworks */ = {
			isa = PBXGroup;
			children = (
				6324F6F81853E2680A914E58 /* libPods-HXXmppTest.a */,
			);
			name = Frameworks;
			sourceTree = "<group>";
		};
		BD18A42A6FDA73EED234586D /* Pods */ = {
			isa = PBXGroup;
			children = (
				8DE5731B2EC0412E4CD0D95A /* Pods-HXXmppTest.debug.xcconfig */,
				0D81FE5C72F38EB4F0BF2004 /* Pods-HXXmppTest.release.xcconfig */,
			);
			name = Pods;
			sourceTree = "<group>";
		};
		F3BECA691D77F4C100146B60 /* RegisterAndLogin */ = {
			isa = PBXGroup;
			children = (
				F3BECA6A1D77F50800146B60 /* LogAndRegistViewController.h */,
				F3BECA6B1D77F50800146B60 /* LogAndRegistViewController.m */,
				F3BECA6C1D77F50800146B60 /* LogAndRegistViewController.xib */,
			);
			path = RegisterAndLogin;
			sourceTree = "<group>";
		};
		F3C1540C1D7679E000817B52 = {
			isa = PBXGroup;
			children = (
				F3C154171D7679E100817B52 /* HXXmppTest */,
				F3C154311D7679E100817B52 /* HXXmppTestTests */,
				F3C1543C1D7679E100817B52 /* HXXmppTestUITests */,
				F3C154161D7679E100817B52 /* Products */,
				BD18A42A6FDA73EED234586D /* Pods */,
				BCFA526BE3B7681DB5AFDDFE /* Frameworks */,
			);
			sourceTree = "<group>";
		};
		F3C154161D7679E100817B52 /* Products */ = {
			isa = PBXGroup;
			children = (
				F3C154151D7679E100817B52 /* HXXmppTest.app */,
				F3C1542E1D7679E100817B52 /* HXXmppTestTests.xctest */,
				F3C154391D7679E100817B52 /* HXXmppTestUITests.xctest */,
			);
			name = Products;
			sourceTree = "<group>";
		};
		F3C154171D7679E100817B52 /* HXXmppTest */ = {
			isa = PBXGroup;
			children = (
				F3E1DAD91D76D38400A382F4 /* Class */,
				F3E1DADE1D76D3E000A382F4 /* CustomView */,
				F3E1DADF1D76D3EE00A382F4 /* Category */,
				F3E1DACF1D76D36C00A382F4 /* Temp */,
				F3E1DAD41D76D37700A382F4 /* Other */,
				F3C154241D7679E100817B52 /* Assets.xcassets */,
				F3C154291D7679E100817B52 /* Info.plist */,
				F3C154181D7679E100817B52 /* Supporting Files */,
			);
			path = HXXmppTest;
			sourceTree = "<group>";
		};
		F3C154181D7679E100817B52 /* Supporting Files */ = {
			isa = PBXGroup;
			children = (
				F3C154191D7679E100817B52 /* main.m */,
			);
			name = "Supporting Files";
			sourceTree = "<group>";
		};
		F3C154311D7679E100817B52 /* HXXmppTestTests */ = {
			isa = PBXGroup;
			children = (
				F3C154321D7679E100817B52 /* HXXmppTestTests.m */,
				F3C154341D7679E100817B52 /* Info.plist */,
			);
			path = HXXmppTestTests;
			sourceTree = "<group>";
		};
		F3C1543C1D7679E100817B52 /* HXXmppTestUITests */ = {
			isa = PBXGroup;
			children = (
				F3C1543D1D7679E100817B52 /* HXXmppTestUITests.m */,
				F3C1543F1D7679E100817B52 /* Info.plist */,
			);
			path = HXXmppTestUITests;
			sourceTree = "<group>";
		};
		F3C213751D7E647B00925874 /* Main */ = {
			isa = PBXGroup;
			children = (
				F3C213761D7E64C100925874 /* MainTabBarController.h */,
				F3C213771D7E64C100925874 /* MainTabBarController.m */,
				F3CC4E431D814C73001711A8 /* MainNavigationController.h */,
				F3CC4E441D814C73001711A8 /* MainNavigationController.m */,
				F3C213791D7E8D6600925874 /* UserInfo.h */,
				F3C2137A1D7E8D6600925874 /* UserInfo.m */,
				F31056331D891E5F0002F218 /* BaseViewController.h */,
				F31056341D891E5F0002F218 /* BaseViewController.m */,
			);
			path = Main;
			sourceTree = "<group>";
		};
		F3C8A4001D8670FF00952D9A /* Model */ = {
			isa = PBXGroup;
			children = (
				F3C8A3FD1D8670EA00952D9A /* FriendsModel.h */,
				F3C8A3FE1D8670EA00952D9A /* FriendsModel.m */,
			);
			path = Model;
			sourceTree = "<group>";
		};
		F3C8A4011D86720E00952D9A /* Cell */ = {
			isa = PBXGroup;
			children = (
				F3C8A4021D86723200952D9A /* MyFriendsTableViewCell.h */,
				F3C8A4031D86723200952D9A /* MyFriendsTableViewCell.m */,
				F3C8A4041D86723200952D9A /* MyFriendsTableViewCell.xib */,
			);
			path = Cell;
			sourceTree = "<group>";
		};
		F3E1DACF1D76D36C00A382F4 /* Temp */ = {
			isa = PBXGroup;
			children = (
			);
			path = Temp;
			sourceTree = "<group>";
		};
		F3E1DAD41D76D37700A382F4 /* Other */ = {
			isa = PBXGroup;
			children = (
				F3C1541B1D7679E100817B52 /* AppDelegate.h */,
				F3C1541C1D7679E100817B52 /* AppDelegate.m */,
				F3E1DAE61D76DB3C00A382F4 /* PrefixHeader.pch */,
			);
			path = Other;
			sourceTree = "<group>";
		};
		F3E1DAD91D76D38400A382F4 /* Class */ = {
			isa = PBXGroup;
			children = (
				F3C213751D7E647B00925874 /* Main */,
				F3BECA691D77F4C100146B60 /* RegisterAndLogin */,
				F3E1DAE31D76D6A500A382F4 /* Message */,
				F3E1DAE21D76D69B00A382F4 /* AddressBook */,
				F3E1DAE41D76D6B900A382F4 /* Find */,
				F3E1DAE51D76D6E500A382F4 /* Me */,
			);
			path = Class;
			sourceTree = "<group>";
		};
		F3E1DADE1D76D3E000A382F4 /* CustomView */ = {
			isa = PBXGroup;
			children = (
				F3BECA661D77F47B00146B60 /* CustomButton.h */,
				F3BECA671D77F47B00146B60 /* CustomButton.m */,
			);
			path = CustomView;
			sourceTree = "<group>";
		};
		F3E1DADF1D76D3EE00A382F4 /* Category */ = {
			isa = PBXGroup;
			children = (
				F3E1DAE71D76DCD900A382F4 /* UIView+frame.h */,
				F3E1DAE81D76DCD900A382F4 /* UIView+frame.m */,
				F31056361D894DD00002F218 /* NSDate+MJ.m */,
				F31056371D894DD00002F218 /* UIBarButtonItem+HeadName.m */,
				F31056381D894DD00002F218 /* UIBarButtonItem+HeadName.h */,
				F31056391D894DD00002F218 /* UILabel+Size.m */,
				F310563A1D894DD00002F218 /* UIImage+Size.m */,
				F310563B1D894DD00002F218 /* NSString+Str.m */,
				F310563C1D894DD00002F218 /* NSDate+MJ.h */,
				F310563D1D894DD00002F218 /* UIImage+Size.h */,
				F310563E1D894DD00002F218 /* UILabel+Size.h */,
				F310563F1D894DD00002F218 /* NSString+Str.h */,
			);
			path = Category;
			sourceTree = "<group>";
		};
		F3E1DAE21D76D69B00A382F4 /* AddressBook */ = {
			isa = PBXGroup;
			children = (
				F3C8A4011D86720E00952D9A /* Cell */,
				F3C8A4001D8670FF00952D9A /* Model */,
				F3C213661D7E643900925874 /* AddressViewController.h */,
				F3C213671D7E643900925874 /* AddressViewController.m */,
				F3CC4E3E1D81335D001711A8 /* AddFriendViewController.h */,
				F3CC4E3F1D81335D001711A8 /* AddFriendViewController.m */,
				F3CC4E401D81335D001711A8 /* AddFriendViewController.xib */,
				F3CC4E461D814F44001711A8 /* SearchViewController.h */,
				F3CC4E471D814F44001711A8 /* SearchViewController.m */,
			);
			path = AddressBook;
			sourceTree = "<group>";
		};
		F3E1DAE31D76D6A500A382F4 /* Message */ = {
			isa = PBXGroup;
			children = (
				F3F3991B1D87D6DC00731ED6 /* view */,
				F3C213611D7E642400925874 /* MessageViewController.h */,
				F3C213621D7E642400925874 /* MessageViewController.m */,
				F3C213631D7E642400925874 /* MessageViewController.xib */,
				F310562A1D8916430002F218 /* WeChatViewController.h */,
				F310562B1D8916430002F218 /* WeChatViewController.m */,
				F31056311D8917770002F218 /* WeChatViewController.xib */,
			);
			path = Message;
			sourceTree = "<group>";
		};
		F3E1DAE41D76D6B900A382F4 /* Find */ = {
			isa = PBXGroup;
			children = (
				F3C2136B1D7E644B00925874 /* FindViewController.h */,
				F3C2136C1D7E644B00925874 /* FindViewController.m */,
				F3C2136D1D7E644B00925874 /* FindViewController.xib */,
			);
			name = Find;
			path = ../Find;
			sourceTree = "<group>";
		};
		F3E1DAE51D76D6E500A382F4 /* Me */ = {
			isa = PBXGroup;
			children = (
				F3C213701D7E645900925874 /* MeViewController.h */,
				F3C213711D7E645900925874 /* MeViewController.m */,
				F3C213721D7E645900925874 /* MeViewController.xib */,
				F3C2137C1D7EA3DD00925874 /* WBGragView.h */,
				F3C2137D1D7EA3DD00925874 /* WBGragView.m */,
			);
			path = Me;
			sourceTree = "<group>";
		};
		F3F3991B1D87D6DC00731ED6 /* view */ = {
			isa = PBXGroup;
			children = (
				F3F3991C1D87D6FF00731ED6 /* ChatToolView.h */,
				F3F3991D1D87D6FF00731ED6 /* ChatToolView.m */,
			);
			name = view;
			sourceTree = "<group>";
		};
/* End PBXGroup section */

/* Begin PBXNativeTarget section */
		F3C154141D7679E100817B52 /* HXXmppTest */ = {
			isa = PBXNativeTarget;
			buildConfigurationList = F3C154421D7679E100817B52 /* Build configuration list for PBXNativeTarget "HXXmppTest" */;
			buildPhases = (
				022D40BA575E64D051EC4268 /* [CP] Check Pods Manifest.lock */,
				F3C154111D7679E100817B52 /* Sources */,
				F3C154121D7679E100817B52 /* Frameworks */,
				F3C154131D7679E100817B52 /* Resources */,
				DA57A5412A81F66AF55E1A41 /* [CP] Embed Pods Frameworks */,
				C4E2907B48536264EC3014C3 /* [CP] Copy Pods Resources */,
			);
			buildRules = (
			);
			dependencies = (
			);
			name = HXXmppTest;
			productName = HXXmppTest;
			productReference = F3C154151D7679E100817B52 /* HXXmppTest.app */;
			productType = "com.apple.product-type.application";
		};
		F3C1542D1D7679E100817B52 /* HXXmppTestTests */ = {
			isa = PBXNativeTarget;
			buildConfigurationList = F3C154451D7679E100817B52 /* Build configuration list for PBXNativeTarget "HXXmppTestTests" */;
			buildPhases = (
				F3C1542A1D7679E100817B52 /* Sources */,
				F3C1542B1D7679E100817B52 /* Frameworks */,
				F3C1542C1D7679E100817B52 /* Resources */,
			);
			buildRules = (
			);
			dependencies = (
				F3C154301D7679E100817B52 /* PBXTargetDependency */,
			);
			name = HXXmppTestTests;
			productName = HXXmppTestTests;
			productReference = F3C1542E1D7679E100817B52 /* HXXmppTestTests.xctest */;
			productType = "com.apple.product-type.bundle.unit-test";
		};
		F3C154381D7679E100817B52 /* HXXmppTestUITests */ = {
			isa = PBXNativeTarget;
			buildConfigurationList = F3C154481D7679E100817B52 /* Build configuration list for PBXNativeTarget "HXXmppTestUITests" */;
			buildPhases = (
				F3C154351D7679E100817B52 /* Sources */,
				F3C154361D7679E100817B52 /* Frameworks */,
				F3C154371D7679E100817B52 /* Resources */,
			);
			buildRules = (
			);
			dependencies = (
				F3C1543B1D7679E100817B52 /* PBXTargetDependency */,
			);
			name = HXXmppTestUITests;
			productName = HXXmppTestUITests;
			productReference = F3C154391D7679E100817B52 /* HXXmppTestUITests.xctest */;
			productType = "com.apple.product-type.bundle.ui-testing";
		};
/* End PBXNativeTarget section */

/* Begin PBXProject section */
		F3C1540D1D7679E000817B52 /* Project object */ = {
			isa = PBXProject;
			attributes = {
				LastUpgradeCheck = 0730;
				ORGANIZATIONNAME = winbei;
				TargetAttributes = {
					F3C154141D7679E100817B52 = {
						CreatedOnToolsVersion = 7.3.1;
					};
					F3C1542D1D7679E100817B52 = {
						CreatedOnToolsVersion = 7.3.1;
						TestTargetID = F3C154141D7679E100817B52;
					};
					F3C154381D7679E100817B52 = {
						CreatedOnToolsVersion = 7.3.1;
						TestTargetID = F3C154141D7679E100817B52;
					};
				};
			};
			buildConfigurationList = F3C154101D7679E000817B52 /* Build configuration list for PBXProject "HXXmppTest" */;
			compatibilityVersion = "Xcode 3.2";
			developmentRegion = English;
			hasScannedForEncodings = 0;
			knownRegions = (
				en,
				Base,
			);
			mainGroup = F3C1540C1D7679E000817B52;
			productRefGroup = F3C154161D7679E100817B52 /* Products */;
			projectDirPath = "";
			projectRoot = "";
			targets = (
				F3C154141D7679E100817B52 /* HXXmppTest */,
				F3C1542D1D7679E100817B52 /* HXXmppTestTests */,
				F3C154381D7679E100817B52 /* HXXmppTestUITests */,
			);
		};
/* End PBXProject section */

/* Begin PBXResourcesBuildPhase section */
		F3C154131D7679E100817B52 /* Resources */ = {
			isa = PBXResourcesBuildPhase;
			buildActionMask = 2147483647;
			files = (
				F3C213741D7E645900925874 /* MeViewController.xib in Resources */,
				F3C2136F1D7E644B00925874 /* FindViewController.xib in Resources */,
				F3C154251D7679E100817B52 /* Assets.xcassets in Resources */,
				F3BECA6E1D77F50800146B60 /* LogAndRegistViewController.xib in Resources */,
				F31056321D8917770002F218 /* WeChatViewController.xib in Resources */,
				F3C213651D7E642400925874 /* MessageViewController.xib in Resources */,
				F3CC4E421D81335D001711A8 /* AddFriendViewController.xib in Resources */,
				F3C8A4061D86723200952D9A /* MyFriendsTableViewCell.xib in Resources */,
			);
			runOnlyForDeploymentPostprocessing = 0;
		};
		F3C1542C1D7679E100817B52 /* Resources */ = {
			isa = PBXResourcesBuildPhase;
			buildActionMask = 2147483647;
			files = (
			);
			runOnlyForDeploymentPostprocessing = 0;
		};
		F3C154371D7679E100817B52 /* Resources */ = {
			isa = PBXResourcesBuildPhase;
			buildActionMask = 2147483647;
			files = (
			);
			runOnlyForDeploymentPostprocessing = 0;
		};
/* End PBXResourcesBuildPhase section */

/* Begin PBXShellScriptBuildPhase section */
		022D40BA575E64D051EC4268 /* [CP] Check Pods Manifest.lock */ = {
			isa = PBXShellScriptBuildPhase;
			buildActionMask = 2147483647;
			files = (
			);
			inputPaths = (
			);
			name = "[CP] Check Pods Manifest.lock";
			outputPaths = (
			);
			runOnlyForDeploymentPostprocessing = 0;
			shellPath = /bin/sh;
			shellScript = "diff \"${PODS_ROOT}/../Podfile.lock\" \"${PODS_ROOT}/Manifest.lock\" > /dev/null\nif [[ $? != 0 ]] ; then\n    cat << EOM\nerror: The sandbox is not in sync with the Podfile.lock. Run 'pod install' or update your CocoaPods installation.\nEOM\n    exit 1\nfi\n";
			showEnvVarsInLog = 0;
		};
		C4E2907B48536264EC3014C3 /* [CP] Copy Pods Resources */ = {
			isa = PBXShellScriptBuildPhase;
			buildActionMask = 2147483647;
			files = (
			);
			inputPaths = (
			);
			name = "[CP] Copy Pods Resources";
			outputPaths = (
			);
			runOnlyForDeploymentPostprocessing = 0;
			shellPath = /bin/sh;
			shellScript = "\"${SRCROOT}/Pods/Target Support Files/Pods-HXXmppTest/Pods-HXXmppTest-resources.sh\"\n";
			showEnvVarsInLog = 0;
		};
		DA57A5412A81F66AF55E1A41 /* [CP] Embed Pods Frameworks */ = {
			isa = PBXShellScriptBuildPhase;
			buildActionMask = 2147483647;
			files = (
			);
			inputPaths = (
			);
			name = "[CP] Embed Pods Frameworks";
			outputPaths = (
			);
			runOnlyForDeploymentPostprocessing = 0;
			shellPath = /bin/sh;
			shellScript = "\"${SRCROOT}/Pods/Target Support Files/Pods-HXXmppTest/Pods-HXXmppTest-frameworks.sh\"\n";
			showEnvVarsInLog = 0;
		};
/* End PBXShellScriptBuildPhase section */

/* Begin PBXSourcesBuildPhase section */
		F3C154111D7679E100817B52 /* Sources */ = {
			isa = PBXSourcesBuildPhase;
			buildActionMask = 2147483647;
			files = (
				F3C213731D7E645900925874 /* MeViewController.m in Sources */,
				F31056351D891E5F0002F218 /* BaseViewController.m in Sources */,
				F3C213641D7E642400925874 /* MessageViewController.m in Sources */,
				F3C8A4051D86723200952D9A /* MyFriendsTableViewCell.m in Sources */,
				F31056421D894DD00002F218 /* UILabel+Size.m in Sources */,
				F3C213691D7E643900925874 /* AddressViewController.m in Sources */,
				F31056411D894DD00002F218 /* UIBarButtonItem+HeadName.m in Sources */,
				F3CC4E411D81335D001711A8 /* AddFriendViewController.m in Sources */,
				F31056431D894DD00002F218 /* UIImage+Size.m in Sources */,
				F310562D1D8916430002F218 /* WeChatViewController.m in Sources */,
				F31056401D894DD00002F218 /* NSDate+MJ.m in Sources */,
				F3CC4E451D814C73001711A8 /* MainNavigationController.m in Sources */,
				F3C8A3FF1D8670EA00952D9A /* FriendsModel.m in Sources */,
				F3BECA681D77F47B00146B60 /* CustomButton.m in Sources */,
				F3BECA6D1D77F50800146B60 /* LogAndRegistViewController.m in Sources */,
				F3F3991E1D87D6FF00731ED6 /* ChatToolView.m in Sources */,
				F3CC4E481D814F44001711A8 /* SearchViewController.m in Sources */,
				F31056441D894DD00002F218 /* NSString+Str.m in Sources */,
				F3C2137E1D7EA3DD00925874 /* WBGragView.m in Sources */,
				F3E1DAE91D76DCD900A382F4 /* UIView+frame.m in Sources */,
				F3C213781D7E64C100925874 /* MainTabBarController.m in Sources */,
				F3C1541D1D7679E100817B52 /* AppDelegate.m in Sources */,
				F3C1541A1D7679E100817B52 /* main.m in Sources */,
				F3C2137B1D7E8D6600925874 /* UserInfo.m in Sources */,
				F3C2136E1D7E644B00925874 /* FindViewController.m in Sources */,
			);
			runOnlyForDeploymentPostprocessing = 0;
		};
		F3C1542A1D7679E100817B52 /* Sources */ = {
			isa = PBXSourcesBuildPhase;
			buildActionMask = 2147483647;
			files = (
				F3C154331D7679E100817B52 /* HXXmppTestTests.m in Sources */,
			);
			runOnlyForDeploymentPostprocessing = 0;
		};
		F3C154351D7679E100817B52 /* Sources */ = {
			isa = PBXSourcesBuildPhase;
			buildActionMask = 2147483647;
			files = (
				F3C1543E1D7679E100817B52 /* HXXmppTestUITests.m in Sources */,
			);
			runOnlyForDeploymentPostprocessing = 0;
		};
/* End PBXSourcesBuildPhase section */

/* Begin PBXTargetDependency section */
		F3C154301D7679E100817B52 /* PBXTargetDependency */ = {
			isa = PBXTargetDependency;
			target = F3C154141D7679E100817B52 /* HXXmppTest */;
			targetProxy = F3C1542F1D7679E100817B52 /* PBXContainerItemProxy */;
		};
		F3C1543B1D7679E100817B52 /* PBXTargetDependency */ = {
			isa = PBXTargetDependency;
			target = F3C154141D7679E100817B52 /* HXXmppTest */;
			targetProxy = F3C1543A1D7679E100817B52 /* PBXContainerItemProxy */;
		};
/* End PBXTargetDependency section */

/* Begin XCBuildConfiguration section */
		F3C154401D7679E100817B52 /* Debug */ = {
			isa = XCBuildConfiguration;
			buildSettings = {
				ALWAYS_SEARCH_USER_PATHS = NO;
				CLANG_ANALYZER_NONNULL = YES;
				CLANG_CXX_LANGUAGE_STANDARD = "gnu++0x";
				CLANG_CXX_LIBRARY = "libc++";
				CLANG_ENABLE_MODULES = YES;
				CLANG_ENABLE_OBJC_ARC = YES;
				CLANG_WARN_BOOL_CONVERSION = YES;
				CLANG_WARN_CONSTANT_CONVERSION = YES;
				CLANG_WARN_DIRECT_OBJC_ISA_USAGE = YES_ERROR;
				CLANG_WARN_EMPTY_BODY = YES;
				CLANG_WARN_ENUM_CONVERSION = YES;
				CLANG_WARN_INT_CONVERSION = YES;
				CLANG_WARN_OBJC_ROOT_CLASS = YES_ERROR;
				CLANG_WARN_UNREACHABLE_CODE = YES;
				CLANG_WARN__DUPLICATE_METHOD_MATCH = YES;
				"CODE_SIGN_IDENTITY[sdk=iphoneos*]" = "iPhone Developer";
				COPY_PHASE_STRIP = NO;
				DEBUG_INFORMATION_FORMAT = dwarf;
				ENABLE_BITCODE = NO;
				ENABLE_STRICT_OBJC_MSGSEND = YES;
				ENABLE_TESTABILITY = YES;
				GCC_C_LANGUAGE_STANDARD = gnu99;
				GCC_DYNAMIC_NO_PIC = NO;
				GCC_NO_COMMON_BLOCKS = YES;
				GCC_OPTIMIZATION_LEVEL = 0;
				GCC_PREPROCESSOR_DEFINITIONS = (
					"DEBUG=1",
					"$(inherited)",
				);
				GCC_WARN_64_TO_32_BIT_CONVERSION = YES;
				GCC_WARN_ABOUT_RETURN_TYPE = YES_ERROR;
				GCC_WARN_UNDECLARED_SELECTOR = YES;
				GCC_WARN_UNINITIALIZED_AUTOS = YES_AGGRESSIVE;
				GCC_WARN_UNUSED_FUNCTION = YES;
				GCC_WARN_UNUSED_VARIABLE = YES;
				IPHONEOS_DEPLOYMENT_TARGET = 7.0;
				MTL_ENABLE_DEBUG_INFO = YES;
				ONLY_ACTIVE_ARCH = YES;
				SDKROOT = iphoneos;
				TARGETED_DEVICE_FAMILY = "1,2";
			};
			name = Debug;
		};
		F3C154411D7679E100817B52 /* Release */ = {
			isa = XCBuildConfiguration;
			buildSettings = {
				ALWAYS_SEARCH_USER_PATHS = NO;
				CLANG_ANALYZER_NONNULL = YES;
				CLANG_CXX_LANGUAGE_STANDARD = "gnu++0x";
				CLANG_CXX_LIBRARY = "libc++";
				CLANG_ENABLE_MODULES = YES;
				CLANG_ENABLE_OBJC_ARC = YES;
				CLANG_WARN_BOOL_CONVERSION = YES;
				CLANG_WARN_CONSTANT_CONVERSION = YES;
				CLANG_WARN_DIRECT_OBJC_ISA_USAGE = YES_ERROR;
				CLANG_WARN_EMPTY_BODY = YES;
				CLANG_WARN_ENUM_CONVERSION = YES;
				CLANG_WARN_INT_CONVERSION = YES;
				CLANG_WARN_OBJC_ROOT_CLASS = YES_ERROR;
				CLANG_WARN_UNREACHABLE_CODE = YES;
				CLANG_WARN__DUPLICATE_METHOD_MATCH = YES;
				"CODE_SIGN_IDENTITY[sdk=iphoneos*]" = "iPhone Developer";
				COPY_PHASE_STRIP = NO;
				DEBUG_INFORMATION_FORMAT = "dwarf-with-dsym";
				ENABLE_BITCODE = NO;
				ENABLE_NS_ASSERTIONS = NO;
				ENABLE_STRICT_OBJC_MSGSEND = YES;
				GCC_C_LANGUAGE_STANDARD = gnu99;
				GCC_NO_COMMON_BLOCKS = YES;
				GCC_WARN_64_TO_32_BIT_CONVERSION = YES;
				GCC_WARN_ABOUT_RETURN_TYPE = YES_ERROR;
				GCC_WARN_UNDECLARED_SELECTOR = YES;
				GCC_WARN_UNINITIALIZED_AUTOS = YES_AGGRESSIVE;
				GCC_WARN_UNUSED_FUNCTION = YES;
				GCC_WARN_UNUSED_VARIABLE = YES;
				IPHONEOS_DEPLOYMENT_TARGET = 7.0;
				MTL_ENABLE_DEBUG_INFO = NO;
				SDKROOT = iphoneos;
				TARGETED_DEVICE_FAMILY = "1,2";
				VALIDATE_PRODUCT = YES;
			};
			name = Release;
		};
		F3C154431D7679E100817B52 /* Debug */ = {
			isa = XCBuildConfiguration;
			baseConfigurationReference = 8DE5731B2EC0412E4CD0D95A /* Pods-HXXmppTest.debug.xcconfig */;
			buildSettings = {
				ASSETCATALOG_COMPILER_APPICON_NAME = AppIcon;
				ASSETCATALOG_COMPILER_LAUNCHIMAGE_NAME = LaunchImage;
				ENABLE_BITCODE = NO;
				GCC_INCREASE_PRECOMPILED_HEADER_SHARING = NO;
				GCC_PREFIX_HEADER = "/Users/winbei/Desktop/测试1/HXXMPPDemo/HXXmppTest/HXXmppTest/Other/PrefixHeader.pch";
				INFOPLIST_FILE = HXXmppTest/Info.plist;
				LD_RUNPATH_SEARCH_PATHS = "$(inherited) @executable_path/Frameworks";
				PRODUCT_BUNDLE_IDENTIFIER = winbei.HXXmppTest;
				PRODUCT_NAME = "$(TARGET_NAME)";
			};
			name = Debug;
		};
		F3C154441D7679E100817B52 /* Release */ = {
			isa = XCBuildConfiguration;
			baseConfigurationReference = 0D81FE5C72F38EB4F0BF2004 /* Pods-HXXmppTest.release.xcconfig */;
			buildSettings = {
				ASSETCATALOG_COMPILER_APPICON_NAME = AppIcon;
				ASSETCATALOG_COMPILER_LAUNCHIMAGE_NAME = LaunchImage;
				ENABLE_BITCODE = NO;
				GCC_INCREASE_PRECOMPILED_HEADER_SHARING = NO;
				GCC_PREFIX_HEADER = "/Users/winbei/Desktop/测试1/HXXMPPDemo/HXXmppTest/HXXmppTest/Other/PrefixHeader.pch";
				INFOPLIST_FILE = HXXmppTest/Info.plist;
				LD_RUNPATH_SEARCH_PATHS = "$(inherited) @executable_path/Frameworks";
				PRODUCT_BUNDLE_IDENTIFIER = winbei.HXXmppTest;
				PRODUCT_NAME = "$(TARGET_NAME)";
			};
			name = Release;
		};
		F3C154461D7679E100817B52 /* Debug */ = {
			isa = XCBuildConfiguration;
			buildSettings = {
				BUNDLE_LOADER = "$(TEST_HOST)";
				INFOPLIST_FILE = HXXmppTestTests/Info.plist;
				LD_RUNPATH_SEARCH_PATHS = "$(inherited) @executable_path/Frameworks @loader_path/Frameworks";
				PRODUCT_BUNDLE_IDENTIFIER = winbei.HXXmppTestTests;
				PRODUCT_NAME = "$(TARGET_NAME)";
				TEST_HOST = "$(BUILT_PRODUCTS_DIR)/HXXmppTest.app/HXXmppTest";
			};
			name = Debug;
		};
		F3C154471D7679E100817B52 /* Release */ = {
			isa = XCBuildConfiguration;
			buildSettings = {
				BUNDLE_LOADER = "$(TEST_HOST)";
				INFOPLIST_FILE = HXXmppTestTests/Info.plist;
				LD_RUNPATH_SEARCH_PATHS = "$(inherited) @executable_path/Frameworks @loader_path/Frameworks";
				PRODUCT_BUNDLE_IDENTIFIER = winbei.HXXmppTestTests;
				PRODUCT_NAME = "$(TARGET_NAME)";
				TEST_HOST = "$(BUILT_PRODUCTS_DIR)/HXXmppTest.app/HXXmppTest";
			};
			name = Release;
		};
		F3C154491D7679E100817B52 /* Debug */ = {
			isa = XCBuildConfiguration;
			buildSettings = {
				INFOPLIST_FILE = HXXmppTestUITests/Info.plist;
				LD_RUNPATH_SEARCH_PATHS = "$(inherited) @executable_path/Frameworks @loader_path/Frameworks";
				PRODUCT_BUNDLE_IDENTIFIER = winbei.HXXmppTestUITests;
				PRODUCT_NAME = "$(TARGET_NAME)";
				TEST_TARGET_NAME = HXXmppTest;
			};
			name = Debug;
		};
		F3C1544A1D7679E100817B52 /* Release */ = {
			isa = XCBuildConfiguration;
			buildSettings = {
				INFOPLIST_FILE = HXXmppTestUITests/Info.plist;
				LD_RUNPATH_SEARCH_PATHS = "$(inherited) @executable_path/Frameworks @loader_path/Frameworks";
				PRODUCT_BUNDLE_IDENTIFIER = winbei.HXXmppTestUITests;
				PRODUCT_NAME = "$(TARGET_NAME)";
				TEST_TARGET_NAME = HXXmppTest;
			};
			name = Release;
		};
/* End XCBuildConfiguration section */

/* Begin XCConfigurationList section */
		F3C154101D7679E000817B52 /* Build configuration list for PBXProject "HXXmppTest" */ = {
			isa = XCConfigurationList;
			buildConfigurations = (
				F3C154401D7679E100817B52 /* Debug */,
				F3C154411D7679E100817B52 /* Release */,
			);
			defaultConfigurationIsVisible = 0;
			defaultConfigurationName = Release;
		};
		F3C154421D7679E100817B52 /* Build configuration list for PBXNativeTarget "HXXmppTest" */ = {
			isa = XCConfigurationList;
			buildConfigurations = (
				F3C154431D7679E100817B52 /* Debug */,
				F3C154441D7679E100817B52 /* Release */,
			);
			defaultConfigurationIsVisible = 0;
			defaultConfigurationName = Release;
		};
		F3C154451D7679E100817B52 /* Build configuration list for PBXNativeTarget "HXXmppTestTests" */ = {
			isa = XCConfigurationList;
			buildConfigurations = (
				F3C154461D7679E100817B52 /* Debug */,
				F3C154471D7679E100817B52 /* Release */,
			);
			defaultConfigurationIsVisible = 0;
			defaultConfigurationName = Release;
		};
		F3C154481D7679E100817B52 /* Build configuration list for PBXNativeTarget "HXXmppTestUITests" */ = {
			isa = XCConfigurationList;
			buildConfigurations = (
				F3C154491D7679E100817B52 /* Debug */,
				F3C1544A1D7679E100817B52 /* Release */,
			);
			defaultConfigurationIsVisible = 0;
			defaultConfigurationName = Release;
		};
/* End XCConfigurationList section */
	};
	rootObject = F3C1540D1D7679E000817B52 /* Project object */;
}
