PODS:
  - AFNetworking (3.1.0):
    - AFNetworking/NSURLSession (= 3.1.0)
    - AFNetworking/Reachability (= 3.1.0)
    - AFNetworking/Security (= 3.1.0)
    - AFNetworking/Serialization (= 3.1.0)
    - AFNetworking/UIKit (= 3.1.0)
  - AFNetworking/NSURLSession (3.1.0):
    - AFNetworking/Reachability
    - AFNetworking/Security
    - AFNetworking/Serialization
  - AFNetworking/Reachability (3.1.0)
  - AFNetworking/Security (3.1.0)
  - AFNetworking/Serialization (3.1.0)
  - AFNetworking/UIKit (3.1.0):
    - AFNetworking/NSURLSession
  - DACircularProgress (2.3.1)
  - HyphenateFullSDK (3.1.5)
  - Masonry (1.0.1)
  - MBProgressHUD (1.0.0)
  - MJExtension (3.0.13)
  - MJPhotoBrowser (1.0.2):
    - SDWebImage
    - SVProgressHUD
    - YLGIFImage
  - MJRefresh (3.1.12)
  - MWPhotoBrowser (1.2.1):
    - DACircularProgress
    - MBProgressHUD
    - PSTCollectionView (~> 1.2)
    - SDWebImage (~> 3.5)
  - PSTCollectionView (1.2.3)
  - SDWebImage (3.8.1):
    - SDWebImage/Core (= 3.8.1)
  - SDWebImage/Core (3.8.1)
  - SVProgressHUD (2.0.3)
  - YLGIFImage (0.11)

DEPENDENCIES:
  - AFNetworking (~> 3.0)
  - HyphenateFullSDK (from `https://github.com/easemob/hyphenate-full-cocoapods.git`)
  - Masonry
  - MBProgressHUD
  - MJExtension
  - MJPhotoBrowser
  - MJRefresh
  - MWPhotoBrowser
  - SDWebImage (~> 3.8)

EXTERNAL SOURCES:
  HyphenateFullSDK:
    :git: https://github.com/easemob/hyphenate-full-cocoapods.git

CHECKOUT OPTIONS:
  HyphenateFullSDK:
    :commit: dabc2296bf03377a211450b3f1a813feac27e57d
    :git: https://github.com/easemob/hyphenate-full-cocoapods.git

SPEC CHECKSUMS:
  AFNetworking: 5e0e199f73d8626b11e79750991f5d173d1f8b67
  DACircularProgress: 4dd437c0fc3da5161cb289e07ac449493d41db71
  HyphenateFullSDK: 536f76eeb0914dba766b1d5d30dee083f0805da2
  Masonry: a1a931a0d08870ed8ae415a2ea5ea68ebcac77df
  MBProgressHUD: 4890f671c94e8a0f3cf959aa731e9de2f036d71a
  MJExtension: 5932755f451458eefa24239358817f8d291240c7
  MJPhotoBrowser: f55e8490231f44a78ca6455105a1c798a142c95f
  MJRefresh: b96cdb21c4aa75a7b07654311ab2f315c497e806
  MWPhotoBrowser: 7087b4c828297ef34ff2b0892c8e967034a86842
  PSTCollectionView: 6749df92885353521f55279a7ce2b293762e2be4
  SDWebImage: 35f9627a3e44b4f292a8a8ce6a531fa488239b91
  SVProgressHUD: b0830714205bea1317ea1a2ebc71e5633af334d4
  YLGIFImage: c0ae132fe80e5282b2762a97d14e23ba71a748ae

PODFILE CHECKSUM: 1458d8f96a81c8aae2705deb4de490131f2e03a8

COCOAPODS: 1.0.1
